
Microsoft Visual Studio Solution File, Format Version 12.00
# Visual Studio Version 16
VisualStudioVersion = 16.0.31605.320
MinimumVisualStudioVersion = 10.0.40219.1
Project("{FAE04EC0-301F-11D3-BF4B-00C04F79EFBC}") = "JuegoInteractivo", "JuegoInteractivo.csproj", "{37F6CED0-2433-494D-905B-3BF21ED6DA05}"
EndProject
Global
	GlobalSection(SolutionConfigurationPlatforms) = preSolution
		Debug|Any CPU = Debug|Any CPU
		Release|Any CPU = Release|Any CPU
	EndGlobalSection
	GlobalSection(ProjectConfigurationPlatforms) = postSolution
		{37F6CED0-2433-494D-905B-3BF21ED6DA05}.Debug|Any CPU.ActiveCfg = Debug|Any CPU
		{37F6CED0-2433-494D-905B-3BF21ED6DA05}.Debug|Any CPU.Build.0 = Debug|Any CPU
		{37F6CED0-2433-494D-905B-3BF21ED6DA05}.Release|Any CPU.ActiveCfg = Release|Any CPU
		{37F6CED0-2433-494D-905B-3BF21ED6DA05}.Release|Any CPU.Build.0 = Release|Any CPU
	EndGlobalSection
	GlobalSection(SolutionProperties) = preSolution
		HideSolutionNode = FALSE
	EndGlobalSection
	GlobalSection(ExtensibilityGlobals) = postSolution
		SolutionGuid = {C336322E-D501-4DA9-B80D-2D250C6B5452}
	EndGlobalSection
EndGlobal
